dependencies:
  idf:
    component_hash: null
    source:
      type: idf
    version: 5.2.1
  wasm-micro-runtime:
    component_hash: null
    source:
      path: /home/tao/wasm-micro-runtime
      type: local
    version: 2.0.0
manifest_hash: 34651d513d7f9da8ef9e80c953183d674fbbbad9a828d4d95ddebc688783062a
target: esp32c6
version: 1.0.0
